
Microsoft Visual Studio Solution File, Format Version 12.00
# Visual Studio Version 16
VisualStudioVersion = 16.0.32106.194
MinimumVisualStudioVersion = 10.0.40219.1
Project("{9A19103F-16F7-4668-BE54-9A1E7A4F7556}") = "Lotus.Windows.UI", "Lotus.Windows.UI.csproj", "{DE0AC73A-E63F-4DAC-90D4-5A639BA22DF8}"
EndProject
Global
	GlobalSection(SolutionConfigurationPlatforms) = preSolution
		Debug|Any CPU = Debug|Any CPU
		Release|Any CPU = Release|Any CPU
	EndGlobalSection
	GlobalSection(ProjectConfigurationPlatforms) = postSolution
		{DE0AC73A-E63F-4DAC-90D4-5A639BA22DF8}.Debug|Any CPU.ActiveCfg = Debug|Any CPU
		{DE0AC73A-E63F-4DAC-90D4-5A639BA22DF8}.Debug|Any CPU.Build.0 = Debug|Any CPU
		{DE0AC73A-E63F-4DAC-90D4-5A639BA22DF8}.Release|Any CPU.ActiveCfg = Release|Any CPU
		{DE0AC73A-E63F-4DAC-90D4-5A639BA22DF8}.Release|Any CPU.Build.0 = Release|Any CPU
	EndGlobalSection
	GlobalSection(SolutionProperties) = preSolution
		HideSolutionNode = FALSE
	EndGlobalSection
	GlobalSection(ExtensibilityGlobals) = postSolution
		SolutionGuid = {C74219EA-2C07-4E46-935D-AEA36CC33E7A}
	EndGlobalSection
EndGlobal
