
Microsoft Visual Studio Solution File, Format Version 12.00
# Visual Studio Version 18
VisualStudioVersion = 18.4.11519.219
MinimumVisualStudioVersion = 10.0.40219.1
Project("{9A19103F-16F7-4668-BE54-9A1E7A4F7556}") = "Lotus.Windows", "Lotus.Windows\Lotus.Windows.csproj", "{5C6BB2F5-F063-4357-9002-4B8F5E7AD270}"
EndProject
Project("{9A19103F-16F7-4668-BE54-9A1E7A4F7556}") = "Lotus.Windows.UI", "Lotus.Windows.UI\Lotus.Windows.UI.csproj", "{BE2B4E53-6801-4BC1-A373-D0ABBFFC40A9}"
EndProject
Project("{9A19103F-16F7-4668-BE54-9A1E7A4F7556}") = "Lotus.Windows.ViewerImage", "Lotus.Windows.ViewerImage\Lotus.Windows.ViewerImage.csproj", "{F7FAF1D7-B45A-4AFC-AC5E-4E9F0CEDFF80}"
EndProject
Project("{9A19103F-16F7-4668-BE54-9A1E7A4F7556}") = "Lotus.Windows.ViewerText", "Lotus.Windows.ViewerText\Lotus.Windows.ViewerText.csproj", "{CAA9244F-959D-45CE-B65B-673682EE0ED1}"
EndProject
Project("{2150E333-8FDC-42A3-9474-1A3956D46DE8}") = "Apps", "Apps", "{3DF49C0E-4362-4B7F-902D-24C4354BDBA9}"
EndProject
Project("{2150E333-8FDC-42A3-9474-1A3956D46DE8}") = "SolutionItems", "SolutionItems", "{641D96CC-3198-485A-A6E4-927A182497AB}"
	ProjectSection(SolutionItems) = preProject
		..\.editorconfig = ..\.editorconfig
		LICENSE = LICENSE
		README.md = README.md
	EndProjectSection
EndProject
Project("{2150E333-8FDC-42A3-9474-1A3956D46DE8}") = "Libs", "Libs", "{0215F7D4-3D94-49FC-8AE3-9FE9DEF918BB}"
EndProject
Project("{9A19103F-16F7-4668-BE54-9A1E7A4F7556}") = "Lotus.Core", "..\Lotus.Basis\Lotus.Core\Lotus.Core.csproj", "{937629DC-17DF-49DE-AB20-2B74C56B1C1F}"
EndProject
Project("{9A19103F-16F7-4668-BE54-9A1E7A4F7556}") = "Lotus.Math", "..\Lotus.Basis\Lotus.Math\Lotus.Math.csproj", "{69FFE109-E6BB-489C-BD35-DAB7AB6E44B4}"
EndProject
Project("{9A19103F-16F7-4668-BE54-9A1E7A4F7556}") = "Lotus.UnitMeasurement", "..\Lotus.Basis\Lotus.UnitMeasurement\Lotus.UnitMeasurement.csproj", "{1D7E1278-FBD0-488C-88BC-BB1B491ED793}"
EndProject
Project("{FAE04EC0-301F-11D3-BF4B-00C04F79EFBC}") = "Lotus.Windows.App", "Lotus.Windows.App\Lotus.Windows.App.csproj", "{3DF604F1-9349-405D-BC74-0DC6FB122E2A}"
EndProject
Global
	GlobalSection(SolutionConfigurationPlatforms) = preSolution
		Debug|Any CPU = Debug|Any CPU
		Publish|Any CPU = Publish|Any CPU
		Release|Any CPU = Release|Any CPU
	EndGlobalSection
	GlobalSection(ProjectConfigurationPlatforms) = postSolution
		{5C6BB2F5-F063-4357-9002-4B8F5E7AD270}.Debug|Any CPU.ActiveCfg = Debug|Any CPU
		{5C6BB2F5-F063-4357-9002-4B8F5E7AD270}.Debug|Any CPU.Build.0 = Debug|Any CPU
		{5C6BB2F5-F063-4357-9002-4B8F5E7AD270}.Publish|Any CPU.ActiveCfg = Publish|Any CPU
		{5C6BB2F5-F063-4357-9002-4B8F5E7AD270}.Publish|Any CPU.Build.0 = Publish|Any CPU
		{5C6BB2F5-F063-4357-9002-4B8F5E7AD270}.Release|Any CPU.ActiveCfg = Release|Any CPU
		{5C6BB2F5-F063-4357-9002-4B8F5E7AD270}.Release|Any CPU.Build.0 = Release|Any CPU
		{BE2B4E53-6801-4BC1-A373-D0ABBFFC40A9}.Debug|Any CPU.ActiveCfg = Debug|Any CPU
		{BE2B4E53-6801-4BC1-A373-D0ABBFFC40A9}.Debug|Any CPU.Build.0 = Debug|Any CPU
		{BE2B4E53-6801-4BC1-A373-D0ABBFFC40A9}.Publish|Any CPU.ActiveCfg = Publish|Any CPU
		{BE2B4E53-6801-4BC1-A373-D0ABBFFC40A9}.Publish|Any CPU.Build.0 = Publish|Any CPU
		{BE2B4E53-6801-4BC1-A373-D0ABBFFC40A9}.Release|Any CPU.ActiveCfg = Release|Any CPU
		{BE2B4E53-6801-4BC1-A373-D0ABBFFC40A9}.Release|Any CPU.Build.0 = Release|Any CPU
		{F7FAF1D7-B45A-4AFC-AC5E-4E9F0CEDFF80}.Debug|Any CPU.ActiveCfg = Debug|Any CPU
		{F7FAF1D7-B45A-4AFC-AC5E-4E9F0CEDFF80}.Debug|Any CPU.Build.0 = Debug|Any CPU
		{F7FAF1D7-B45A-4AFC-AC5E-4E9F0CEDFF80}.Publish|Any CPU.ActiveCfg = Publish|Any CPU
		{F7FAF1D7-B45A-4AFC-AC5E-4E9F0CEDFF80}.Publish|Any CPU.Build.0 = Publish|Any CPU
		{F7FAF1D7-B45A-4AFC-AC5E-4E9F0CEDFF80}.Release|Any CPU.ActiveCfg = Release|Any CPU
		{F7FAF1D7-B45A-4AFC-AC5E-4E9F0CEDFF80}.Release|Any CPU.Build.0 = Release|Any CPU
		{CAA9244F-959D-45CE-B65B-673682EE0ED1}.Debug|Any CPU.ActiveCfg = Debug|Any CPU
		{CAA9244F-959D-45CE-B65B-673682EE0ED1}.Debug|Any CPU.Build.0 = Debug|Any CPU
		{CAA9244F-959D-45CE-B65B-673682EE0ED1}.Publish|Any CPU.ActiveCfg = Publish|Any CPU
		{CAA9244F-959D-45CE-B65B-673682EE0ED1}.Publish|Any CPU.Build.0 = Publish|Any CPU
		{CAA9244F-959D-45CE-B65B-673682EE0ED1}.Release|Any CPU.ActiveCfg = Release|Any CPU
		{CAA9244F-959D-45CE-B65B-673682EE0ED1}.Release|Any CPU.Build.0 = Release|Any CPU
		{937629DC-17DF-49DE-AB20-2B74C56B1C1F}.Debug|Any CPU.ActiveCfg = Debug|Any CPU
		{937629DC-17DF-49DE-AB20-2B74C56B1C1F}.Debug|Any CPU.Build.0 = Debug|Any CPU
		{937629DC-17DF-49DE-AB20-2B74C56B1C1F}.Publish|Any CPU.ActiveCfg = Release|Any CPU
		{937629DC-17DF-49DE-AB20-2B74C56B1C1F}.Publish|Any CPU.Build.0 = Release|Any CPU
		{937629DC-17DF-49DE-AB20-2B74C56B1C1F}.Release|Any CPU.ActiveCfg = Release|Any CPU
		{937629DC-17DF-49DE-AB20-2B74C56B1C1F}.Release|Any CPU.Build.0 = Release|Any CPU
		{69FFE109-E6BB-489C-BD35-DAB7AB6E44B4}.Debug|Any CPU.ActiveCfg = Debug|Any CPU
		{69FFE109-E6BB-489C-BD35-DAB7AB6E44B4}.Debug|Any CPU.Build.0 = Debug|Any CPU
		{69FFE109-E6BB-489C-BD35-DAB7AB6E44B4}.Publish|Any CPU.ActiveCfg = Release|Any CPU
		{69FFE109-E6BB-489C-BD35-DAB7AB6E44B4}.Publish|Any CPU.Build.0 = Release|Any CPU
		{69FFE109-E6BB-489C-BD35-DAB7AB6E44B4}.Release|Any CPU.ActiveCfg = Release|Any CPU
		{69FFE109-E6BB-489C-BD35-DAB7AB6E44B4}.Release|Any CPU.Build.0 = Release|Any CPU
		{1D7E1278-FBD0-488C-88BC-BB1B491ED793}.Debug|Any CPU.ActiveCfg = Debug|Any CPU
		{1D7E1278-FBD0-488C-88BC-BB1B491ED793}.Debug|Any CPU.Build.0 = Debug|Any CPU
		{1D7E1278-FBD0-488C-88BC-BB1B491ED793}.Publish|Any CPU.ActiveCfg = Release|Any CPU
		{1D7E1278-FBD0-488C-88BC-BB1B491ED793}.Publish|Any CPU.Build.0 = Release|Any CPU
		{1D7E1278-FBD0-488C-88BC-BB1B491ED793}.Release|Any CPU.ActiveCfg = Release|Any CPU
		{1D7E1278-FBD0-488C-88BC-BB1B491ED793}.Release|Any CPU.Build.0 = Release|Any CPU
		{3DF604F1-9349-405D-BC74-0DC6FB122E2A}.Debug|Any CPU.ActiveCfg = Debug|Any CPU
		{3DF604F1-9349-405D-BC74-0DC6FB122E2A}.Debug|Any CPU.Build.0 = Debug|Any CPU
		{3DF604F1-9349-405D-BC74-0DC6FB122E2A}.Publish|Any CPU.ActiveCfg = Release|Any CPU
		{3DF604F1-9349-405D-BC74-0DC6FB122E2A}.Publish|Any CPU.Build.0 = Release|Any CPU
		{3DF604F1-9349-405D-BC74-0DC6FB122E2A}.Release|Any CPU.ActiveCfg = Release|Any CPU
		{3DF604F1-9349-405D-BC74-0DC6FB122E2A}.Release|Any CPU.Build.0 = Release|Any CPU
	EndGlobalSection
	GlobalSection(SolutionProperties) = preSolution
		HideSolutionNode = FALSE
	EndGlobalSection
	GlobalSection(NestedProjects) = preSolution
		{937629DC-17DF-49DE-AB20-2B74C56B1C1F} = {0215F7D4-3D94-49FC-8AE3-9FE9DEF918BB}
		{69FFE109-E6BB-489C-BD35-DAB7AB6E44B4} = {0215F7D4-3D94-49FC-8AE3-9FE9DEF918BB}
		{1D7E1278-FBD0-488C-88BC-BB1B491ED793} = {0215F7D4-3D94-49FC-8AE3-9FE9DEF918BB}
		{3DF604F1-9349-405D-BC74-0DC6FB122E2A} = {3DF49C0E-4362-4B7F-902D-24C4354BDBA9}
	EndGlobalSection
	GlobalSection(ExtensibilityGlobals) = postSolution
		SolutionGuid = {0A092E24-B2CB-4E16-81DA-049A1541A236}
	EndGlobalSection
EndGlobal
